github.com/akley-MK4/go-tools-box v1.0.0 h1:thnJG3x6svGk28BZE4FNUfyHfncEvK956Oz65wa1dDo=
github.com/akley-MK4/go-tools-box v1.0.0/go.mod h1:/lRtbGP9I3qYju8GiqdyJqTWd1gGtGt5pFerTbuWYx8=
github.com/akley-MK4/pubsub v1.0.0 h1:t1sftJ6V6go82yk67+0V8NEbyK+4Rr+tLZXrJL5lmdE=
github.com/akley-MK4/pubsub v1.0.0/go.mod h1:6LuYygjmr8IuctQELqV9E2ywMFVRjWJT+51ZWYoU1n8=
github.com/fsnotify/fsnotify v1.7.0 h1:8JEhPFa5W2WU7YfeZzPNqzMP6Lwt7L2715Ggo0nosvA=
github.com/fsnotify/fsnotify v1.7.0/go.mod h1:40Bi/Hjc2AVfZrqy+aj+yEI+/bRxZnMJyTJwOpGvigM=
golang.org/x/sys v0.15.0 h1:h48lPFYpsTvQJZF4EKyI4aLHaev3CxivZmv7yZig9pc=
golang.org/x/sys v0.15.0/go.mod h1:/VUhepiaJMQUp4+oa/7Zr1D23ma6VTLIYjOOTFZPUcA=
