github.com/akley-MK4/go-tools-box v1.0.0-pre h1:8gSKrxB7cvofmOiXIiBiESAeWdmOsAlKZgc06ua4yNY=
github.com/akley-MK4/go-tools-box v1.0.0-pre/go.mod h1:/lRtbGP9I3qYju8GiqdyJqTWd1gGtGt5pFerTbuWYx8=
github.com/akley-MK4/pubsub v1.0.0 h1:t1sftJ6V6go82yk67+0V8NEbyK+4Rr+tLZXrJL5lmdE=
github.com/akley-MK4/pubsub v1.0.0/go.mod h1:6LuYygjmr8IuctQELqV9E2ywMFVRjWJT+51ZWYoU1n8=
github.com/akley-MK4/rstlog v1.0.0 h1:yKeSsvoHRIfmfTiN4MQPROmLE6kDKnDEFT01aEbo11g=
github.com/akley-MK4/rstlog v1.0.0/go.mod h1:2/kLpAAV+eVJAeD7xjtjYbDs4QIRP6/H7XB7KIfNphs=
github.com/fsnotify/fsnotify v1.7.0 h1:8JEhPFa5W2WU7YfeZzPNqzMP6Lwt7L2715Ggo0nosvA=
github.com/fsnotify/fsnotify v1.7.0/go.mod h1:40Bi/Hjc2AVfZrqy+aj+yEI+/bRxZnMJyTJwOpGvigM=
golang.org/x/sys v0.5.0 h1:MUK/U/4lj1t1oPg0HfuXDN/Z1wv31ZJ/YcPiGccS4DU=
golang.org/x/sys v0.5.0/go.mod h1:oPkhp1MJrh7nUepCBck5+mAzfO9JrbApNNgaTdGDITg=
